
Microsoft Visual Studio Solution File, Format Version 12.00
# Visual Studio 15
Project("{FAE04EC0-301F-11D3-BF4B-00C04F79EFBC}") = "Assembly-CSharp", "Assembly-CSharp.csproj", "{5B177F5A-E331-C80E-20FF-8A9D6218E01A}"
EndProject
Project("{FAE04EC0-301F-11D3-BF4B-00C04F79EFBC}") = "Assembly-CSharp-Editor", "Assembly-CSharp-Editor.csproj", "{D728A649-9AED-A372-3B13-9ED9A4F82B6B}"
EndProject
Global
	GlobalSection(SolutionConfigurationPlatforms) = preSolution
		Debug|Any CPU = Debug|Any CPU
		Release|Any CPU = Release|Any CPU
	EndGlobalSection
	GlobalSection(ProjectConfigurationPlatforms) = postSolution
		{5B177F5A-E331-C80E-20FF-8A9D6218E01A}.Debug|Any CPU.ActiveCfg = Debug|Any CPU
		{5B177F5A-E331-C80E-20FF-8A9D6218E01A}.Debug|Any CPU.Build.0 = Debug|Any CPU
		{5B177F5A-E331-C80E-20FF-8A9D6218E01A}.Release|Any CPU.ActiveCfg = Release|Any CPU
		{5B177F5A-E331-C80E-20FF-8A9D6218E01A}.Release|Any CPU.Build.0 = Release|Any CPU
		{D728A649-9AED-A372-3B13-9ED9A4F82B6B}.Debug|Any CPU.ActiveCfg = Debug|Any CPU
		{D728A649-9AED-A372-3B13-9ED9A4F82B6B}.Debug|Any CPU.Build.0 = Debug|Any CPU
		{D728A649-9AED-A372-3B13-9ED9A4F82B6B}.Release|Any CPU.ActiveCfg = Release|Any CPU
		{D728A649-9AED-A372-3B13-9ED9A4F82B6B}.Release|Any CPU.Build.0 = Release|Any CPU
	EndGlobalSection
	GlobalSection(SolutionProperties) = preSolution
		HideSolutionNode = FALSE
	EndGlobalSection
	GlobalSection(MonoDevelopProperties) = preSolution
		StartupItem = Assembly-CSharp.csproj
	EndGlobalSection
EndGlobal
